
Microsoft Visual Studio Solution File, Format Version 12.00
# Visual Studio Version 16
VisualStudioVersion = 16.0.29230.47
MinimumVisualStudioVersion = 10.0.40219.1
Project("{FAE04EC0-301F-11D3-BF4B-00C04F79EFBC}") = "Transformer", "Transformer\Transformer.csproj", "{A8C6BDBD-3F37-4D48-9F2A-73AF038EE6A9}"
EndProject
Project("{FAE04EC0-301F-11D3-BF4B-00C04F79EFBC}") = "Transformer.Tests", "Transformer.Tests\Transformer.Tests.csproj", "{FA1996B4-BC32-4A6D-838C-C35D8120DF7C}"
EndProject
Global
	GlobalSection(SolutionConfigurationPlatforms) = preSolution
		Debug|Any CPU = Debug|Any CPU
		Release|Any CPU = Release|Any CPU
	EndGlobalSection
	GlobalSection(ProjectConfigurationPlatforms) = postSolution
		{A8C6BDBD-3F37-4D48-9F2A-73AF038EE6A9}.Debug|Any CPU.ActiveCfg = Debug|Any CPU
		{A8C6BDBD-3F37-4D48-9F2A-73AF038EE6A9}.Debug|Any CPU.Build.0 = Debug|Any CPU
		{A8C6BDBD-3F37-4D48-9F2A-73AF038EE6A9}.Release|Any CPU.ActiveCfg = Release|Any CPU
		{A8C6BDBD-3F37-4D48-9F2A-73AF038EE6A9}.Release|Any CPU.Build.0 = Release|Any CPU
		{FA1996B4-BC32-4A6D-838C-C35D8120DF7C}.Debug|Any CPU.ActiveCfg = Debug|Any CPU
		{FA1996B4-BC32-4A6D-838C-C35D8120DF7C}.Debug|Any CPU.Build.0 = Debug|Any CPU
		{FA1996B4-BC32-4A6D-838C-C35D8120DF7C}.Release|Any CPU.ActiveCfg = Release|Any CPU
		{FA1996B4-BC32-4A6D-838C-C35D8120DF7C}.Release|Any CPU.Build.0 = Release|Any CPU
	EndGlobalSection
	GlobalSection(SolutionProperties) = preSolution
		HideSolutionNode = FALSE
	EndGlobalSection
	GlobalSection(ExtensibilityGlobals) = postSolution
		SolutionGuid = {ABC1E566-AEFF-472E-8AB8-4538561D69F6}
	EndGlobalSection
EndGlobal
